github.com/Acad600-TPA/WEB-WE-251/proto v0.0.0-20250706210629-88625e79c650 h1:0uZV73sNVlnsmGuoh82h/+Y+nqFCN+S2vQbQlUN29ag=
github.com/Acad600-TPA/WEB-WE-251/proto v0.0.0-20250706210629-88625e79c650/go.mod h1:t1VFd2F3GaaP1X61eSmuzNs4wkRY5ErQ2/qLBUXDKsw=
github.com/Acad600-TPA/WEB-WE-251/proto v0.0.0-20250706211729-42428581a080 h1:CElscqFj1mEFqqlqJTTc2/nhsrzglYyGcdP2tDmHedY=
github.com/Acad600-TPA/WEB-WE-251/proto v0.0.0-20250706211729-42428581a080/go.mod h1:t1VFd2F3GaaP1X61eSmuzNs4wkRY5ErQ2/qLBUXDKsw=
github.com/Acad600-TPA/WEB-WE-251/proto v0.0.0-20250706220028-3611e2d07840 h1:UxVtbY+dOjRMvWJeKV9QS4i/Ow2m8Ncq6//imsSqlaY=
github.com/Acad600-TPA/WEB-WE-251/proto v0.0.0-20250706220028-3611e2d07840/go.mod h1:t1VFd2F3GaaP1X61eSmuzNs4wkRY5ErQ2/qLBUXDKsw=
github.com/Acad600-TPA/WEB-WE-251/proto v0.0.0-20250706223501-b2f8d397c288 h1:BlbW5fy66mnIBkxL0XOJ+VqJ3RmyvwtSKJzghehKM3k=
github.com/Acad600-TPA/WEB-WE-251/proto v0.0.0-20250706223501-b2f8d397c288/go.mod h1:t1VFd2F3GaaP1X61eSmuzNs4wkRY5ErQ2/qLBUXDKsw=
github.com/Acad600-TPA/WEB-WE-251/proto v0.0.0-20250707033441-dd431730cf8e h1:exvRopwK7nRc2pTT4/ZNgZmEcOmbwLfb6U99MHXwkfY=
github.com/Acad600-TPA/WEB-WE-251/proto v0.0.0-20250707033441-dd431730cf8e/go.mod h1:t1VFd2F3GaaP1X61eSmuzNs4wkRY5ErQ2/qLBUXDKsw=
github.com/Acad600-TPA/WEB-WE-251/proto v0.0.0-20250707035132-070deaf8caa9 h1:YI+1yOCTJmBU9OgvCMy746tiu6mdpT79P0wManR9lCo=
github.com/Acad600-TPA/WEB-WE-251/proto v0.0.0-20250707035132-070deaf8caa9/go.mod h1:t1VFd2F3GaaP1X61eSmuzNs4wkRY5ErQ2/qLBUXDKsw=
github.com/Acad600-TPA/WEB-WE-251/proto v0.0.0-20250707060603-056c8d31166f h1:6y+6ev//TB1uPBtXK+sSpyHN9nLy9vqXtBtWeHYNg0Q=
github.com/Acad600-TPA/WEB-WE-251/proto v0.0.0-20250707060603-056c8d31166f/go.mod h1:t1VFd2F3GaaP1X61eSmuzNs4wkRY5ErQ2/qLBUXDKsw=
github.com/Acad600-TPA/WEB-WE-251/proto v0.0.0-20250707111037-a4985e306280 h1:SbsL1AKadLtPjr0tZPAOafuE00ulS9AGPf/aMXNEIVE=
github.com/Acad600-TPA/WEB-WE-251/proto v0.0.0-20250707111037-a4985e306280/go.mod h1:t1VFd2F3GaaP1X61eSmuzNs4wkRY5ErQ2/qLBUXDKsw=
github.com/Acad600-TPA/WEB-WE-251/proto v0.0.0-20250707115754-ae8178f9e42c h1:QZIgGtEsTfUu9ctfzDLosiFmnuliLHJTzhBx9u1oLY0=
github.com/Acad600-TPA/WEB-WE-251/proto v0.0.0-20250707115754-ae8178f9e42c/go.mod h1:t1VFd2F3GaaP1X61eSmuzNs4wkRY5ErQ2/qLBUXDKsw=
github.com/Acad600-TPA/WEB-WE-251/proto v0.0.0-20250707125619-41b4fd04a1f2 h1:jE9kI5ukzCRnODHjIOEfyRyazMlU70ENKoTRZ/mf234=
github.com/Acad600-TPA/WEB-WE-251/proto v0.0.0-20250707125619-41b4fd04a1f2/go.mod h1:t1VFd2F3GaaP1X61eSmuzNs4wkRY5ErQ2/qLBUXDKsw=
github.com/Acad600-TPA/WEB-WE-251/proto v0.0.0-20250714204021-8c1587d89785 h1:HwXCaBl/6t6DwHokHTFeJtIM+CSV/QMhcJAw4BrN31k=
github.com/Acad600-TPA/WEB-WE-251/proto v0.0.0-20250714204021-8c1587d89785/go.mod h1:t1VFd2F3GaaP1X61eSmuzNs4wkRY5ErQ2/qLBUXDKsw=
github.com/Acad600-TPA/WEB-WE-251/proto v0.0.0-20250714222240-188e3b40932d h1:cMqY4o7MbEb0eWzH9ZGST1Sr3oFeHpGspQkoUXO3n10=
github.com/Acad600-TPA/WEB-WE-251/proto v0.0.0-20250714222240-188e3b40932d/go.mod h1:t1VFd2F3GaaP1X61eSmuzNs4wkRY5ErQ2/qLBUXDKsw=
github.com/Acad600-TPA/WEB-WE-251/proto v0.0.0-20250715001121-29364516d608 h1:5q6qmVcWRFRSwuhF7ToRu+b/3B7QE/wLIn+REPoAGRw=
github.com/Acad600-TPA/WEB-WE-251/proto v0.0.0-20250715001121-29364516d608/go.mod h1:t1VFd2F3GaaP1X61eSmuzNs4wkRY5ErQ2/qLBUXDKsw=
github.com/Acad600-TPA/WEB-WE-251/proto v0.0.0-20250715112228-8c06fc7eb540 h1:ut59ZOFLKKwONITfG8TS2r7uE+pufILF0ewW0h09mrw=
github.com/Acad600-TPA/WEB-WE-251/proto v0.0.0-20250715112228-8c06fc7eb540/go.mod h1:t1VFd2F3GaaP1X61eSmuzNs4wkRY5ErQ2/qLBUXDKsw=
github.com/bradfitz/gomemcache v0.0.0-20250403215159-8d39553ac7cf h1:TqhNAT4zKbTdLa62d2HDBFdvgSbIGB3eJE8HqhgiL9I=
github.com/bradfitz/gomemcache v0.0.0-20250403215159-8d39553ac7cf/go.mod h1:r5xuitiExdLAJ09PR7vBVENGvp4ZuTBeWTGtxuX3K+c=
github.com/davecgh/go-spew v1.1.0/go.mod h1:J7Y8YcW2NihsgmVo/mv3lAwl/skON4iLHjSsI+c5H38=
github.com/jackc/pgpassfile v1.0.0 h1:/6Hmqy13Ss2zCq62VdNG8tM1wchn8zjSGOBJ6icpsIM=
github.com/jackc/pgpassfile v1.0.0/go.mod h1:CEx0iS5ambNFdcRtxPj5JhEz+xB6uRky5eyVu/W2HEg=
github.com/jackc/pgservicefile v0.0.0-20240606120523-5a60cdf6a761 h1:iCEnooe7UlwOQYpKFhBabPMi4aNAfoODPEFNiAnClxo=
github.com/jackc/pgservicefile v0.0.0-20240606120523-5a60cdf6a761/go.mod h1:5TJZWKEWniPve33vlWYSoGYefn3gLQRzjfDlhSJ9ZKM=
github.com/jackc/pgx/v5 v5.6.0 h1:SWJzexBzPL5jb0GEsrPMLIsi/3jOo7RHlzTjcAeDrPY=
github.com/jackc/pgx/v5 v5.6.0/go.mod h1:DNZ/vlrUnhWCoFGxHAG8U2ljioxukquj7utPDgtQdTw=
github.com/jackc/puddle/v2 v2.2.2 h1:PR8nw+E/1w0GLuRFSmiioY6UooMp6KJv0/61nB7icHo=
github.com/jackc/puddle/v2 v2.2.2/go.mod h1:vriiEXHvEE654aYKXXjOvZM39qJ0q+azkZFrfEOc3H4=
github.com/jinzhu/inflection v1.0.0 h1:K317FqzuhWc8YvSVlFMCCUb36O/S9MCKRDI7QkRKD/E=
github.com/jinzhu/inflection v1.0.0/go.mod h1:h+uFLlag+Qp1Va5pdKtLDYj+kHp5pxUVkryuEj+Srlc=
github.com/jinzhu/now v1.1.5 h1:/o9tlHleP7gOFmsnYNz3RGnqzefHA47wQpKrrdTIwXQ=
github.com/jinzhu/now v1.1.5/go.mod h1:d3SSVoowX0Lcu0IBviAWJpolVfI5UJVZZ7cO71lE/z8=
github.com/pmezard/go-difflib v1.0.0/go.mod h1:iKH77koFhYxTK1pcRnkKkqfTogsbg7gZNVY4sRDYZ/4=
github.com/stretchr/objx v0.1.0/go.mod h1:HFkY916IF+rwdDfMAkV7OtwuqBVzrE8GR6GFx+wExME=
github.com/stretchr/testify v1.3.0/go.mod h1:M5WIy9Dh21IEIfnGCwXGc5bZfKNJtfHm1UVUgZn+9EI=
github.com/stretchr/testify v1.7.0/go.mod h1:6Fq8oRcR53rry900zMqJjRRixrwX3KX962/h/Wwjteg=
golang.org/x/crypto v0.36.0 h1:AnAEvhDddvBdpY+uR+MyHmuZzzNqXSe/GvuDeob5L34=
golang.org/x/crypto v0.36.0/go.mod h1:Y4J0ReaxCR1IMaabaSMugxJES1EpwhBHhv2bDHklZvc=
golang.org/x/net v0.38.0 h1:vRMAPTMaeGqVhG5QyLJHqNDwecKTomGeqbnfZyKlBI8=
golang.org/x/net v0.38.0/go.mod h1:ivrbrMbzFq5J41QOQh0siUuly180yBYtLp+CKbEaFx8=
golang.org/x/sync v0.12.0 h1:MHc5BpPuC30uJk597Ri8TV3CNZcTLu6B6z4lJy+g6Jw=
golang.org/x/sync v0.12.0/go.mod h1:1dzgHSNfp02xaA81J2MS99Qcpr2w7fw1gpm99rleRqA=
golang.org/x/sys v0.31.0 h1:ioabZlmFYtWhL+TRYpcnNlLwhyxaM9kWTDEmfnprqik=
golang.org/x/sys v0.31.0/go.mod h1:BJP2sWEmIv4KK5OTEluFJCKSidICx8ciO85XgH3Ak8k=
golang.org/x/text v0.23.0 h1:D71I7dUrlY+VX0gQShAThNGHFxZ13dGLBHQLVl1mJlY=
golang.org/x/text v0.23.0/go.mod h1:/BLNzu4aZCJ1+kcD0DNRotWKage4q2rGVAg4o22unh4=
google.golang.org/genproto/googleapis/rpc v0.0.0-20250324211829-b45e905df463 h1:e0AIkUUhxyBKh6ssZNrAMeqhA7RKUj42346d1y02i2g=
google.golang.org/genproto/googleapis/rpc v0.0.0-20250324211829-b45e905df463/go.mod h1:qQ0YXyHHx3XkvlzUtpXDkS29lDSafHMZBAZDc03LQ3A=
google.golang.org/grpc v1.73.0 h1:VIWSmpI2MegBtTuFt5/JWy2oXxtjJ/e89Z70ImfD2ok=
google.golang.org/grpc v1.73.0/go.mod h1:50sbHOUqWoCQGI8V2HQLJM0B+LMlIUjNSZmow7EVBQc=
google.golang.org/protobuf v1.36.6 h1:z1NpPI8ku2WgiWnf+t9wTPsn6eP1L7ksHUlkfLvd9xY=
google.golang.org/protobuf v1.36.6/go.mod h1:jduwjTPXsFjZGTmRluh+L6NjiWu7pchiJ2/5YcXBHnY=
gopkg.in/check.v1 v0.0.0-20161208181325-20d25e280405/go.mod h1:Co6ibVJAznAaIkqp8huTwlJQCZ016jof/cbN4VW5Yz0=
gopkg.in/yaml.v3 v3.0.0-20200313102051-9f266ea9e77c/go.mod h1:K4uyk7z7BCEPqu6E+C64Yfv1cQ7kz7rIZviUmN+EgEM=
gorm.io/driver/postgres v1.6.0 h1:2dxzU8xJ+ivvqTRph34QX+WrRaJlmfyPqXmoGVjMBa4=
gorm.io/driver/postgres v1.6.0/go.mod h1:vUw0mrGgrTK+uPHEhAdV4sfFELrByKVGnaVRkXDhtWo=
gorm.io/gorm v1.30.0 h1:qbT5aPv1UH8gI99OsRlvDToLxW5zR7FzS9acZDOZcgs=
gorm.io/gorm v1.30.0/go.mod h1:8Z33v652h4//uMA76KjeDH8mJXPm1QNCYrMeatR0DOE=
